
Microsoft Visual Studio Solution File, Format Version 12.00
# Visual Studio 2013
VisualStudioVersion = 12.0.21005.1
MinimumVisualStudioVersion = 10.0.40219.1
Project("{FAE04EC0-301F-11D3-BF4B-00C04F79EFBC}") = "Kashyap_PrintersApp", "Kashyap_PrintersApp\Kashyap_PrintersApp.csproj", "{40843D41-67B2-4B51-8B58-DCBA95E30A82}"
EndProject
Project("{6141683F-8A12-4E36-9623-2EB02B2C2303}") = "KashyapPrinterAppSetup", "KashyapPrinterAppSetup\KashyapPrinterAppSetup.isproj", "{D3E89E72-76A9-487C-AE52-81F2FF8D697A}"
	ProjectSection(ProjectDependencies) = postProject
		{40843D41-67B2-4B51-8B58-DCBA95E30A82} = {40843D41-67B2-4B51-8B58-DCBA95E30A82}
	EndProjectSection
EndProject
Global
	GlobalSection(SolutionConfigurationPlatforms) = preSolution
		CD_ROM|Any CPU = CD_ROM|Any CPU
		Debug|Any CPU = Debug|Any CPU
		DVD-5|Any CPU = DVD-5|Any CPU
		Release|Any CPU = Release|Any CPU
		SingleImage|Any CPU = SingleImage|Any CPU
	EndGlobalSection
	GlobalSection(ProjectConfigurationPlatforms) = postSolution
		{40843D41-67B2-4B51-8B58-DCBA95E30A82}.CD_ROM|Any CPU.ActiveCfg = Release|Any CPU
		{40843D41-67B2-4B51-8B58-DCBA95E30A82}.CD_ROM|Any CPU.Build.0 = Release|Any CPU
		{40843D41-67B2-4B51-8B58-DCBA95E30A82}.Debug|Any CPU.ActiveCfg = Debug|Any CPU
		{40843D41-67B2-4B51-8B58-DCBA95E30A82}.Debug|Any CPU.Build.0 = Debug|Any CPU
		{40843D41-67B2-4B51-8B58-DCBA95E30A82}.DVD-5|Any CPU.ActiveCfg = Debug|Any CPU
		{40843D41-67B2-4B51-8B58-DCBA95E30A82}.DVD-5|Any CPU.Build.0 = Debug|Any CPU
		{40843D41-67B2-4B51-8B58-DCBA95E30A82}.Release|Any CPU.ActiveCfg = Release|Any CPU
		{40843D41-67B2-4B51-8B58-DCBA95E30A82}.Release|Any CPU.Build.0 = Release|Any CPU
		{40843D41-67B2-4B51-8B58-DCBA95E30A82}.SingleImage|Any CPU.ActiveCfg = Release|Any CPU
		{40843D41-67B2-4B51-8B58-DCBA95E30A82}.SingleImage|Any CPU.Build.0 = Release|Any CPU
		{D3E89E72-76A9-487C-AE52-81F2FF8D697A}.CD_ROM|Any CPU.ActiveCfg = CD_ROM
		{D3E89E72-76A9-487C-AE52-81F2FF8D697A}.CD_ROM|Any CPU.Build.0 = CD_ROM
		{D3E89E72-76A9-487C-AE52-81F2FF8D697A}.Debug|Any CPU.ActiveCfg = DVD-5
		{D3E89E72-76A9-487C-AE52-81F2FF8D697A}.Debug|Any CPU.Build.0 = DVD-5
		{D3E89E72-76A9-487C-AE52-81F2FF8D697A}.DVD-5|Any CPU.ActiveCfg = DVD-5
		{D3E89E72-76A9-487C-AE52-81F2FF8D697A}.DVD-5|Any CPU.Build.0 = DVD-5
		{D3E89E72-76A9-487C-AE52-81F2FF8D697A}.Release|Any CPU.ActiveCfg = SingleImage
		{D3E89E72-76A9-487C-AE52-81F2FF8D697A}.Release|Any CPU.Build.0 = SingleImage
		{D3E89E72-76A9-487C-AE52-81F2FF8D697A}.SingleImage|Any CPU.ActiveCfg = SingleImage
		{D3E89E72-76A9-487C-AE52-81F2FF8D697A}.SingleImage|Any CPU.Build.0 = SingleImage
	EndGlobalSection
	GlobalSection(SolutionProperties) = preSolution
		HideSolutionNode = FALSE
	EndGlobalSection
EndGlobal
